{
  "name": "@babbage/go",
  "version": "0.1.1",
  "lockfileVersion": 3,
  "requires": true,
  "packages": {
    "": {
      "name": "@babbage/go",
      "version": "0.1.1",
      "license": "SEE LICENSE IN LICENSE.txt",
      "devDependencies": {
        "@types/node": "^20.19.23",
        "typescript": "^5.6.3"
      },
      "peerDependencies": {
        "@bsv/sdk": "*"
      }
    },
    "node_modules/@bsv/sdk": {
      "version": "1.8.7",
      "resolved": "https://registry.npmjs.org/@bsv/sdk/-/sdk-1.8.7.tgz",
      "integrity": "sha512-loou8mCP384VN2ImkIyxoVuRP9NqUEekL+bYy08HYU07QQZ8FeMq8BL0Ak3SvQtMC+Iszs+Rl/njeAZ5TLg94Q==",
      "peer": true
    },
    "node_modules/@types/node": {
      "version": "20.19.23",
      "resolved": "https://registry.npmjs.org/@types/node/-/node-20.19.23.tgz",
      "integrity": "sha512-yIdlVVVHXpmqRhtyovZAcSy0MiPcYWGkoO4CGe/+jpP0hmNuihm4XhHbADpK++MsiLHP5MVlv+bcgdF99kSiFQ==",
      "dev": true,
      "dependencies": {
        "undici-types": "~6.21.0"
      }
    },
    "node_modules/typescript": {
      "version": "5.9.3",
      "resolved": "https://registry.npmjs.org/typescript/-/typescript-5.9.3.tgz",
      "integrity": "sha512-jl1vZzPDinLr9eUt3J/t7V6FgNEw9QjvBPdysz9KfQDD41fQrC2Y4vKQdiaUpFT4bXlb1RHhLpp8wtm6M5TgSw==",
      "dev": true,
      "bin": {
        "tsc": "bin/tsc",
        "tsserver": "bin/tsserver"
      },
      "engines": {
        "node": ">=14.17"
      }
    },
    "node_modules/undici-types": {
      "version": "6.21.0",
      "resolved": "https://registry.npmjs.org/undici-types/-/undici-types-6.21.0.tgz",
      "integrity": "sha512-iwDZqg0QAGrg9Rav5H4n0M64c3mkR59cJ6wQp+7C4nI0gsmExaedaYLNO44eT4AtBBwjbTiGPMlt2Md0T9H9JQ==",
      "dev": true
    }
  }
}
